// !$*UTF8*$!
{
	archiveVersion = 1;
	classes = {
	};
	objectVersion = 50;
	objects = {

/* Begin PBXBuildFile section */
		1FFB8AEA227344B9005FCEF3 /* AppDelegate.swift in Sources */ = {isa = PBXBuildFile; fileRef = 1FFB8AE9227344B9005FCEF3 /* AppDelegate.swift */; };
		1FFB8AEC227344B9005FCEF3 /* ViewController.swift in Sources */ = {isa = PBXBuildFile; fileRef = 1FFB8AEB227344B9005FCEF3 /* ViewController.swift */; };
		1FFB8AEF227344B9005FCEF3 /* Main.storyboard in Resources */ = {isa = PBXBuildFile; fileRef = 1FFB8AED227344B9005FCEF3 /* Main.storyboard */; };
		1FFB8AF1227344B9005FCEF3 /* Assets.xcassets in Resources */ = {isa = PBXBuildFile; fileRef = 1FFB8AF0227344B9005FCEF3 /* Assets.xcassets */; };
		1FFB8AF4227344B9005FCEF3 /* LaunchScreen.storyboard in Resources */ = {isa = PBXBuildFile; fileRef = 1FFB8AF2227344B9005FCEF3 /* LaunchScreen.storyboard */; };
		1FFB8AFF227344B9005FCEF3 /* WeatherAppTests.swift in Sources */ = {isa = PBXBuildFile; fileRef = 1FFB8AFE227344B9005FCEF3 /* WeatherAppTests.swift */; };
		1FFB8B0A227344BA005FCEF3 /* WeatherAppUITests.swift in Sources */ = {isa = PBXBuildFile; fileRef = 1FFB8B09227344BA005FCEF3 /* WeatherAppUITests.swift */; };
/* End PBXBuildFile section */

/* Begin PBXContainerItemProxy section */
		1FFB8AFB227344B9005FCEF3 /* PBXContainerItemProxy */ = {
			isa = PBXContainerItemProxy;
			containerPortal = 1FFB8ADE227344B9005FCEF3 /* Project object */;
			proxyType = 1;
			remoteGlobalIDString = 1FFB8AE5227344B9005FCEF3;
			remoteInfo = WeatherApp;
		};
		1FFB8B06227344B9005FCEF3 /* PBXContainerItemProxy */ = {
			isa = PBXContainerItemProxy;
			containerPortal = 1FFB8ADE227344B9005FCEF3 /* Project object */;
			proxyType = 1;
			remoteGlobalIDString = 1FFB8AE5227344B9005FCEF3;
			remoteInfo = WeatherApp;
		};
/* End PBXContainerItemProxy section */

/* Begin PBXFileReference section */
		1FFB8AE6227344B9005FCEF3 /* WeatherApp.app */ = {isa = PBXFileReference; explicitFileType = wrapper.application; includeInIndex = 0; path = WeatherApp.app; sourceTree = BUILT_PRODUCTS_DIR; };
		1FFB8AE9227344B9005FCEF3 /* AppDelegate.swift */ = {isa = PBXFileReference; lastKnownFileType = sourcecode.swift; path = AppDelegate.swift; sourceTree = "<group>"; };
		1FFB8AEB227344B9005FCEF3 /* ViewController.swift */ = {isa = PBXFileReference; lastKnownFileType = sourcecode.swift; path = ViewController.swift; sourceTree = "<group>"; };
		1FFB8AEE227344B9005FCEF3 /* Base */ = {isa = PBXFileReference; lastKnownFileType = file.storyboard; name = Base; path = Base.lproj/Main.storyboard; sourceTree = "<group>"; };
		1FFB8AF0227344B9005FCEF3 /* Assets.xcassets */ = {isa = PBXFileReference; lastKnownFileType = folder.assetcatalog; path = Assets.xcassets; sourceTree = "<group>"; };
		1FFB8AF3227344B9005FCEF3 /* Base */ = {isa = PBXFileReference; lastKnownFileType = file.storyboard; name = Base; path = Base.lproj/LaunchScreen.storyboard; sourceTree = "<group>"; };
		1FFB8AF5227344B9005FCEF3 /* Info.plist */ = {isa = PBXFileReference; lastKnownFileType = text.plist.xml; path = Info.plist; sourceTree = "<group>"; };
		1FFB8AFA227344B9005FCEF3 /* WeatherAppTests.xctest */ = {isa = PBXFileReference; explicitFileType = wrapper.cfbundle; includeInIndex = 0; path = WeatherAppTests.xctest; sourceTree = BUILT_PRODUCTS_DIR; };
		1FFB8AFE227344B9005FCEF3 /* WeatherAppTests.swift */ = {isa = PBXFileReference; lastKnownFileType = sourcecode.swift; path = WeatherAppTests.swift; sourceTree = "<group>"; };
		1FFB8B00227344B9005FCEF3 /* Info.plist */ = {isa = PBXFileReference; lastKnownFileType = text.plist.xml; path = Info.plist; sourceTree = "<group>"; };
		1FFB8B05227344B9005FCEF3 /* WeatherAppUITests.xctest */ = {isa = PBXFileReference; explicitFileType = wrapper.cfbundle; includeInIndex = 0; path = WeatherAppUITests.xctest; sourceTree = BUILT_PRODUCTS_DIR; };
		1FFB8B09227344BA005FCEF3 /* WeatherAppUITests.swift */ = {isa = PBXFileReference; lastKnownFileType = sourcecode.swift; path = WeatherAppUITests.swift; sourceTree = "<group>"; };
		1FFB8B0B227344BA005FCEF3 /* Info.plist */ = {isa = PBXFileReference; lastKnownFileType = text.plist.xml; path = Info.plist; sourceTree = "<group>"; };
/* End PBXFileReference section */

/* Begin PBXFrameworksBuildPhase section */
		1FFB8AE3227344B9005FCEF3 /* Frameworks */ = {
			isa = PBXFrameworksBuildPhase;
			buildActionMask = 2147483647;
			files = (
			);
			runOnlyForDeploymentPostprocessing = 0;
		};
		1FFB8AF7227344B9005FCEF3 /* Frameworks */ = {
			isa = PBXFrameworksBuildPhase;
			buildActionMask = 2147483647;
			files = (
			);
			runOnlyForDeploymentPostprocessing = 0;
		};
		1FFB8B02227344B9005FCEF3 /* Frameworks */ = {
			isa = PBXFrameworksBuildPhase;
			buildActionMask = 2147483647;
			files = (
			);
			runOnlyForDeploymentPostprocessing = 0;
		};
/* End PBXFrameworksBuildPhase section */

/* Begin PBXGroup section */
		1FFB8ADD227344B9005FCEF3 = {
			isa = PBXGroup;
			children = (
				1FFB8AE8227344B9005FCEF3 /* WeatherApp */,
				1FFB8AFD227344B9005FCEF3 /* WeatherAppTests */,
				1FFB8B08227344BA005FCEF3 /* WeatherAppUITests */,
				1FFB8AE7227344B9005FCEF3 /* Products */,
			);
			sourceTree = "<group>";
		};
		1FFB8AE7227344B9005FCEF3 /* Products */ = {
			isa = PBXGroup;
			children = (
				1FFB8AE6227344B9005FCEF3 /* WeatherApp.app */,
				1FFB8AFA227344B9005FCEF3 /* WeatherAppTests.xctest */,
				1FFB8B05227344B9005FCEF3 /* WeatherAppUITests.xctest */,
			);
			name = Products;
			sourceTree = "<group>";
		};
		1FFB8AE8227344B9005FCEF3 /* WeatherApp */ = {
			isa = PBXGroup;
			children = (
				1FFB8AE9227344B9005FCEF3 /* AppDelegate.swift */,
				1FFB8AEB227344B9005FCEF3 /* ViewController.swift */,
				1FFB8AED227344B9005FCEF3 /* Main.storyboard */,
				1FFB8AF0227344B9005FCEF3 /* Assets.xcassets */,
				1FFB8AF2227344B9005FCEF3 /* LaunchScreen.storyboard */,
				1FFB8AF5227344B9005FCEF3 /* Info.plist */,
			);
			path = WeatherApp;
			sourceTree = "<group>";
		};
		1FFB8AFD227344B9005FCEF3 /* WeatherAppTests */ = {
			isa = PBXGroup;
			children = (
				1FFB8AFE227344B9005FCEF3 /* WeatherAppTests.swift */,
				1FFB8B00227344B9005FCEF3 /* Info.plist */,
			);
			path = WeatherAppTests;
			sourceTree = "<group>";
		};
		1FFB8B08227344BA005FCEF3 /* WeatherAppUITests */ = {
			isa = PBXGroup;
			children = (
				1FFB8B09227344BA005FCEF3 /* WeatherAppUITests.swift */,
				1FFB8B0B227344BA005FCEF3 /* Info.plist */,
			);
			path = WeatherAppUITests;
			sourceTree = "<group>";
		};
/* End PBXGroup section */

/* Begin PBXNativeTarget section */
		1FFB8AE5227344B9005FCEF3 /* WeatherApp */ = {
			isa = PBXNativeTarget;
			buildConfigurationList = 1FFB8B0E227344BA005FCEF3 /* Build configuration list for PBXNativeTarget "WeatherApp" */;
			buildPhases = (
				1FFB8AE2227344B9005FCEF3 /* Sources */,
				1FFB8AE3227344B9005FCEF3 /* Frameworks */,
				1FFB8AE4227344B9005FCEF3 /* Resources */,
			);
			buildRules = (
			);
			dependencies = (
			);
			name = WeatherApp;
			productName = WeatherApp;
			productReference = 1FFB8AE6227344B9005FCEF3 /* WeatherApp.app */;
			productType = "com.apple.product-type.application";
		};
		1FFB8AF9227344B9005FCEF3 /* WeatherAppTests */ = {
			isa = PBXNativeTarget;
			buildConfigurationList = 1FFB8B11227344BA005FCEF3 /* Build configuration list for PBXNativeTarget "WeatherAppTests" */;
			buildPhases = (
				1FFB8AF6227344B9005FCEF3 /* Sources */,
				1FFB8AF7227344B9005FCEF3 /* Frameworks */,
				1FFB8AF8227344B9005FCEF3 /* Resources */,
			);
			buildRules = (
			);
			dependencies = (
				1FFB8AFC227344B9005FCEF3 /* PBXTargetDependency */,
			);
			name = WeatherAppTests;
			productName = WeatherAppTests;
			productReference = 1FFB8AFA227344B9005FCEF3 /* WeatherAppTests.xctest */;
			productType = "com.apple.product-type.bundle.unit-test";
		};
		1FFB8B04227344B9005FCEF3 /* WeatherAppUITests */ = {
			isa = PBXNativeTarget;
			buildConfigurationList = 1FFB8B14227344BA005FCEF3 /* Build configuration list for PBXNativeTarget "WeatherAppUITests" */;
			buildPhases = (
				1FFB8B01227344B9005FCEF3 /* Sources */,
				1FFB8B02227344B9005FCEF3 /* Frameworks */,
				1FFB8B03227344B9005FCEF3 /* Resources */,
			);
			buildRules = (
			);
			dependencies = (
				1FFB8B07227344B9005FCEF3 /* PBXTargetDependency */,
			);
			name = WeatherAppUITests;
			productName = WeatherAppUITests;
			productReference = 1FFB8B05227344B9005FCEF3 /* WeatherAppUITests.xctest */;
			productType = "com.apple.product-type.bundle.ui-testing";
		};
/* End PBXNativeTarget section */

/* Begin PBXProject section */
		1FFB8ADE227344B9005FCEF3 /* Project object */ = {
			isa = PBXProject;
			attributes = {
				LastSwiftUpdateCheck = 1000;
				LastUpgradeCheck = 1000;
				ORGANIZATIONNAME = "Saptami Biswas";
				TargetAttributes = {
					1FFB8AE5227344B9005FCEF3 = {
						CreatedOnToolsVersion = 10.0;
					};
					1FFB8AF9227344B9005FCEF3 = {
						CreatedOnToolsVersion = 10.0;
						TestTargetID = 1FFB8AE5227344B9005FCEF3;
					};
					1FFB8B04227344B9005FCEF3 = {
						CreatedOnToolsVersion = 10.0;
						TestTargetID = 1FFB8AE5227344B9005FCEF3;
					};
				};
			};
			buildConfigurationList = 1FFB8AE1227344B9005FCEF3 /* Build configuration list for PBXProject "WeatherApp" */;
			compatibilityVersion = "Xcode 9.3";
			developmentRegion = en;
			hasScannedForEncodings = 0;
			knownRegions = (
				en,
				Base,
			);
			mainGroup = 1FFB8ADD227344B9005FCEF3;
			productRefGroup = 1FFB8AE7227344B9005FCEF3 /* Products */;
			projectDirPath = "";
			projectRoot = "";
			targets = (
				1FFB8AE5227344B9005FCEF3 /* WeatherApp */,
				1FFB8AF9227344B9005FCEF3 /* WeatherAppTests */,
				1FFB8B04227344B9005FCEF3 /* WeatherAppUITests */,
			);
		};
/* End PBXProject section */

/* Begin PBXResourcesBuildPhase section */
		1FFB8AE4227344B9005FCEF3 /* Resources */ = {
			isa = PBXResourcesBuildPhase;
			buildActionMask = 2147483647;
			files = (
				1FFB8AF4227344B9005FCEF3 /* LaunchScreen.storyboard in Resources */,
				1FFB8AF1227344B9005FCEF3 /* Assets.xcassets in Resources */,
				1FFB8AEF227344B9005FCEF3 /* Main.storyboard in Resources */,
			);
			runOnlyForDeploymentPostprocessing = 0;
		};
		1FFB8AF8227344B9005FCEF3 /* Resources */ = {
			isa = PBXResourcesBuildPhase;
			buildActionMask = 2147483647;
			files = (
			);
			runOnlyForDeploymentPostprocessing = 0;
		};
		1FFB8B03227344B9005FCEF3 /* Resources */ = {
			isa = PBXResourcesBuildPhase;
			buildActionMask = 2147483647;
			files = (
			);
			runOnlyForDeploymentPostprocessing = 0;
		};
/* End PBXResourcesBuildPhase section */

/* Begin PBXSourcesBuildPhase section */
		1FFB8AE2227344B9005FCEF3 /* Sources */ = {
			isa = PBXSourcesBuildPhase;
			buildActionMask = 2147483647;
			files = (
				1FFB8AEC227344B9005FCEF3 /* ViewController.swift in Sources */,
				1FFB8AEA227344B9005FCEF3 /* AppDelegate.swift in Sources */,
			);
			runOnlyForDeploymentPostprocessing = 0;
		};
		1FFB8AF6227344B9005FCEF3 /* Sources */ = {
			isa = PBXSourcesBuildPhase;
			buildActionMask = 2147483647;
			files = (
				1FFB8AFF227344B9005FCEF3 /* WeatherAppTests.swift in Sources */,
			);
			runOnlyForDeploymentPostprocessing = 0;
		};
		1FFB8B01227344B9005FCEF3 /* Sources */ = {
			isa = PBXSourcesBuildPhase;
			buildActionMask = 2147483647;
			files = (
				1FFB8B0A227344BA005FCEF3 /* WeatherAppUITests.swift in Sources */,
			);
			runOnlyForDeploymentPostprocessing = 0;
		};
/* End PBXSourcesBuildPhase section */

/* Begin PBXTargetDependency section */
		1FFB8AFC227344B9005FCEF3 /* PBXTargetDependency */ = {
			isa = PBXTargetDependency;
			target = 1FFB8AE5227344B9005FCEF3 /* WeatherApp */;
			targetProxy = 1FFB8AFB227344B9005FCEF3 /* PBXContainerItemProxy */;
		};
		1FFB8B07227344B9005FCEF3 /* PBXTargetDependency */ = {
			isa = PBXTargetDependency;
			target = 1FFB8AE5227344B9005FCEF3 /* WeatherApp */;
			targetProxy = 1FFB8B06227344B9005FCEF3 /* PBXContainerItemProxy */;
		};
/* End PBXTargetDependency section */

/* Begin PBXVariantGroup section */
		1FFB8AED227344B9005FCEF3 /* Main.storyboard */ = {
			isa = PBXVariantGroup;
			children = (
				1FFB8AEE227344B9005FCEF3 /* Base */,
			);
			name = Main.storyboard;
			sourceTree = "<group>";
		};
		1FFB8AF2227344B9005FCEF3 /* LaunchScreen.storyboard */ = {
			isa = PBXVariantGroup;
			children = (
				1FFB8AF3227344B9005FCEF3 /* Base */,
			);
			name = LaunchScreen.storyboard;
			sourceTree = "<group>";
		};
/* End PBXVariantGroup section */

/* Begin XCBuildConfiguration section */
		1FFB8B0C227344BA005FCEF3 /* Debug */ = {
			isa = XCBuildConfiguration;
			buildSettings = {
				ALWAYS_SEARCH_USER_PATHS = NO;
				CLANG_ANALYZER_NONNULL = YES;
				CLANG_ANALYZER_NUMBER_OBJECT_CONVERSION = YES_AGGRESSIVE;
				CLANG_CXX_LANGUAGE_STANDARD = "gnu++14";
				CLANG_CXX_LIBRARY = "libc++";
				CLANG_ENABLE_MODULES = YES;
				CLANG_ENABLE_OBJC_ARC = YES;
				CLANG_ENABLE_OBJC_WEAK = YES;
				CLANG_WARN_BLOCK_CAPTURE_AUTORELEASING = YES;
				CLANG_WARN_BOOL_CONVERSION = YES;
				CLANG_WARN_COMMA = YES;
				CLANG_WARN_CONSTANT_CONVERSION = YES;
				CLANG_WARN_DEPRECATED_OBJC_IMPLEMENTATIONS = YES;
				CLANG_WARN_DIRECT_OBJC_ISA_USAGE = YES_ERROR;
				CLANG_WARN_DOCUMENTATION_COMMENTS = YES;
				CLANG_WARN_EMPTY_BODY = YES;
				CLANG_WARN_ENUM_CONVERSION = YES;
				CLANG_WARN_INFINITE_RECURSION = YES;
				CLANG_WARN_INT_CONVERSION = YES;
				CLANG_WARN_NON_LITERAL_NULL_CONVERSION = YES;
				CLANG_WARN_OBJC_IMPLICIT_RETAIN_SELF = YES;
				CLANG_WARN_OBJC_LITERAL_CONVERSION = YES;
				CLANG_WARN_OBJC_ROOT_CLASS = YES_ERROR;
				CLANG_WARN_RANGE_LOOP_ANALYSIS = YES;
				CLANG_WARN_STRICT_PROTOTYPES = YES;
				CLANG_WARN_SUSPICIOUS_MOVE = YES;
				CLANG_WARN_UNGUARDED_AVAILABILITY = YES_AGGRESSIVE;
				CLANG_WARN_UNREACHABLE_CODE = YES;
				CLANG_WARN__DUPLICATE_METHOD_MATCH = YES;
				CODE_SIGN_IDENTITY = "iPhone Developer";
				COPY_PHASE_STRIP = NO;
				DEBUG_INFORMATION_FORMAT = dwarf;
				ENABLE_STRICT_OBJC_MSGSEND = YES;
				ENABLE_TESTABILITY = YES;
				GCC_C_LANGUAGE_STANDARD = gnu11;
				GCC_DYNAMIC_NO_PIC = NO;
				GCC_NO_COMMON_BLOCKS = YES;
				GCC_OPTIMIZATION_LEVEL = 0;
				GCC_PREPROCESSOR_DEFINITIONS = (
					"DEBUG=1",
					"$(inherited)",
				);
				GCC_WARN_64_TO_32_BIT_CONVERSION = YES;
				GCC_WARN_ABOUT_RETURN_TYPE = YES_ERROR;
				GCC_WARN_UNDECLARED_SELECTOR = YES;
				GCC_WARN_UNINITIALIZED_AUTOS = YES_AGGRESSIVE;
				GCC_WARN_UNUSED_FUNCTION = YES;
				GCC_WARN_UNUSED_VARIABLE = YES;
				IPHONEOS_DEPLOYMENT_TARGET = 12.0;
				MTL_ENABLE_DEBUG_INFO = INCLUDE_SOURCE;
				MTL_FAST_MATH = YES;
				ONLY_ACTIVE_ARCH = YES;
				SDKROOT = iphoneos;
				SWIFT_ACTIVE_COMPILATION_CONDITIONS = DEBUG;
				SWIFT_OPTIMIZATION_LEVEL = "-Onone";
			};
			name = Debug;
		};
		1FFB8B0D227344BA005FCEF3 /* Release */ = {
			isa = XCBuildConfiguration;
			buildSettings = {
				ALWAYS_SEARCH_USER_PATHS = NO;
				CLANG_ANALYZER_NONNULL = YES;
				CLANG_ANALYZER_NUMBER_OBJECT_CONVERSION = YES_AGGRESSIVE;
				CLANG_CXX_LANGUAGE_STANDARD = "gnu++14";
				CLANG_CXX_LIBRARY = "libc++";
				CLANG_ENABLE_MODULES = YES;
				CLANG_ENABLE_OBJC_ARC = YES;
				CLANG_ENABLE_OBJC_WEAK = YES;
				CLANG_WARN_BLOCK_CAPTURE_AUTORELEASING = YES;
				CLANG_WARN_BOOL_CONVERSION = YES;
				CLANG_WARN_COMMA = YES;
				CLANG_WARN_CONSTANT_CONVERSION = YES;
				CLANG_WARN_DEPRECATED_OBJC_IMPLEMENTATIONS = YES;
				CLANG_WARN_DIRECT_OBJC_ISA_USAGE = YES_ERROR;
				CLANG_WARN_DOCUMENTATION_COMMENTS = YES;
				CLANG_WARN_EMPTY_BODY = YES;
				CLANG_WARN_ENUM_CONVERSION = YES;
				CLANG_WARN_INFINITE_RECURSION = YES;
				CLANG_WARN_INT_CONVERSION = YES;
				CLANG_WARN_NON_LITERAL_NULL_CONVERSION = YES;
				CLANG_WARN_OBJC_IMPLICIT_RETAIN_SELF = YES;
				CLANG_WARN_OBJC_LITERAL_CONVERSION = YES;
				CLANG_WARN_OBJC_ROOT_CLASS = YES_ERROR;
				CLANG_WARN_RANGE_LOOP_ANALYSIS = YES;
				CLANG_WARN_STRICT_PROTOTYPES = YES;
				CLANG_WARN_SUSPICIOUS_MOVE = YES;
				CLANG_WARN_UNGUARDED_AVAILABILITY = YES_AGGRESSIVE;
				CLANG_WARN_UNREACHABLE_CODE = YES;
				CLANG_WARN__DUPLICATE_METHOD_MATCH = YES;
				CODE_SIGN_IDENTITY = "iPhone Developer";
				COPY_PHASE_STRIP = NO;
				DEBUG_INFORMATION_FORMAT = "dwarf-with-dsym";
				ENABLE_NS_ASSERTIONS = NO;
				ENABLE_STRICT_OBJC_MSGSEND = YES;
				GCC_C_LANGUAGE_STANDARD = gnu11;
				GCC_NO_COMMON_BLOCKS = YES;
				GCC_WARN_64_TO_32_BIT_CONVERSION = YES;
				GCC_WARN_ABOUT_RETURN_TYPE = YES_ERROR;
				GCC_WARN_UNDECLARED_SELECTOR = YES;
				GCC_WARN_UNINITIALIZED_AUTOS = YES_AGGRESSIVE;
				GCC_WARN_UNUSED_FUNCTION = YES;
				GCC_WARN_UNUSED_VARIABLE = YES;
				IPHONEOS_DEPLOYMENT_TARGET = 12.0;
				MTL_ENABLE_DEBUG_INFO = NO;
				MTL_FAST_MATH = YES;
				SDKROOT = iphoneos;
				SWIFT_COMPILATION_MODE = wholemodule;
				SWIFT_OPTIMIZATION_LEVEL = "-O";
				VALIDATE_PRODUCT = YES;
			};
			name = Release;
		};
		1FFB8B0F227344BA005FCEF3 /* Debug */ = {
			isa = XCBuildConfiguration;
			buildSettings = {
				ASSETCATALOG_COMPILER_APPICON_NAME = AppIcon;
				CODE_SIGN_STYLE = Automatic;
				INFOPLIST_FILE = WeatherApp/Info.plist;
				LD_RUNPATH_SEARCH_PATHS = (
					"$(inherited)",
					"@executable_path/Frameworks",
				);
				PRODUCT_BUNDLE_IDENTIFIER = edu.okstate.WeatherApp;
				PRODUCT_NAME = "$(TARGET_NAME)";
				SWIFT_VERSION = 4.2;
				TARGETED_DEVICE_FAMILY = "1,2";
			};
			name = Debug;
		};
		1FFB8B10227344BA005FCEF3 /* Release */ = {
			isa = XCBuildConfiguration;
			buildSettings = {
				ASSETCATALOG_COMPILER_APPICON_NAME = AppIcon;
				CODE_SIGN_STYLE = Automatic;
				INFOPLIST_FILE = WeatherApp/Info.plist;
				LD_RUNPATH_SEARCH_PATHS = (
					"$(inherited)",
					"@executable_path/Frameworks",
				);
				PRODUCT_BUNDLE_IDENTIFIER = edu.okstate.WeatherApp;
				PRODUCT_NAME = "$(TARGET_NAME)";
				SWIFT_VERSION = 4.2;
				TARGETED_DEVICE_FAMILY = "1,2";
			};
			name = Release;
		};
		1FFB8B12227344BA005FCEF3 /* Debug */ = {
			isa = XCBuildConfiguration;
			buildSettings = {
				ALWAYS_EMBED_SWIFT_STANDARD_LIBRARIES = YES;
				BUNDLE_LOADER = "$(TEST_HOST)";
				CODE_SIGN_STYLE = Automatic;
				INFOPLIST_FILE = WeatherAppTests/Info.plist;
				LD_RUNPATH_SEARCH_PATHS = (
					"$(inherited)",
					"@executable_path/Frameworks",
					"@loader_path/Frameworks",
				);
				PRODUCT_BUNDLE_IDENTIFIER = edu.okstate.WeatherAppTests;
				PRODUCT_NAME = "$(TARGET_NAME)";
				SWIFT_VERSION = 4.2;
				TARGETED_DEVICE_FAMILY = "1,2";
				TEST_HOST = "$(BUILT_PRODUCTS_DIR)/WeatherApp.app/WeatherApp";
			};
			name = Debug;
		};
		1FFB8B13227344BA005FCEF3 /* Release */ = {
			isa = XCBuildConfiguration;
			buildSettings = {
				ALWAYS_EMBED_SWIFT_STANDARD_LIBRARIES = YES;
				BUNDLE_LOADER = "$(TEST_HOST)";
				CODE_SIGN_STYLE = Automatic;
				INFOPLIST_FILE = WeatherAppTests/Info.plist;
				LD_RUNPATH_SEARCH_PATHS = (
					"$(inherited)",
					"@executable_path/Frameworks",
					"@loader_path/Frameworks",
				);
				PRODUCT_BUNDLE_IDENTIFIER = edu.okstate.WeatherAppTests;
				PRODUCT_NAME = "$(TARGET_NAME)";
				SWIFT_VERSION = 4.2;
				TARGETED_DEVICE_FAMILY = "1,2";
				TEST_HOST = "$(BUILT_PRODUCTS_DIR)/WeatherApp.app/WeatherApp";
			};
			name = Release;
		};
		1FFB8B15227344BA005FCEF3 /* Debug */ = {
			isa = XCBuildConfiguration;
			buildSettings = {
				ALWAYS_EMBED_SWIFT_STANDARD_LIBRARIES = YES;
				CODE_SIGN_STYLE = Automatic;
				INFOPLIST_FILE = WeatherAppUITests/Info.plist;
				LD_RUNPATH_SEARCH_PATHS = (
					"$(inherited)",
					"@executable_path/Frameworks",
					"@loader_path/Frameworks",
				);
				PRODUCT_BUNDLE_IDENTIFIER = edu.okstate.WeatherAppUITests;
				PRODUCT_NAME = "$(TARGET_NAME)";
				SWIFT_VERSION = 4.2;
				TARGETED_DEVICE_FAMILY = "1,2";
				TEST_TARGET_NAME = WeatherApp;
			};
			name = Debug;
		};
		1FFB8B16227344BA005FCEF3 /* Release */ = {
			isa = XCBuildConfiguration;
			buildSettings = {
				ALWAYS_EMBED_SWIFT_STANDARD_LIBRARIES = YES;
				CODE_SIGN_STYLE = Automatic;
				INFOPLIST_FILE = WeatherAppUITests/Info.plist;
				LD_RUNPATH_SEARCH_PATHS = (
					"$(inherited)",
					"@executable_path/Frameworks",
					"@loader_path/Frameworks",
				);
				PRODUCT_BUNDLE_IDENTIFIER = edu.okstate.WeatherAppUITests;
				PRODUCT_NAME = "$(TARGET_NAME)";
				SWIFT_VERSION = 4.2;
				TARGETED_DEVICE_FAMILY = "1,2";
				TEST_TARGET_NAME = WeatherApp;
			};
			name = Release;
		};
/* End XCBuildConfiguration section */

/* Begin XCConfigurationList section */
		1FFB8AE1227344B9005FCEF3 /* Build configuration list for PBXProject "WeatherApp" */ = {
			isa = XCConfigurationList;
			buildConfigurations = (
				1FFB8B0C227344BA005FCEF3 /* Debug */,
				1FFB8B0D227344BA005FCEF3 /* Release */,
			);
			defaultConfigurationIsVisible = 0;
			defaultConfigurationName = Release;
		};
		1FFB8B0E227344BA005FCEF3 /* Build configuration list for PBXNativeTarget "WeatherApp" */ = {
			isa = XCConfigurationList;
			buildConfigurations = (
				1FFB8B0F227344BA005FCEF3 /* Debug */,
				1FFB8B10227344BA005FCEF3 /* Release */,
			);
			defaultConfigurationIsVisible = 0;
			defaultConfigurationName = Release;
		};
		1FFB8B11227344BA005FCEF3 /* Build configuration list for PBXNativeTarget "WeatherAppTests" */ = {
			isa = XCConfigurationList;
			buildConfigurations = (
				1FFB8B12227344BA005FCEF3 /* Debug */,
				1FFB8B13227344BA005FCEF3 /* Release */,
			);
			defaultConfigurationIsVisible = 0;
			defaultConfigurationName = Release;
		};
		1FFB8B14227344BA005FCEF3 /* Build configuration list for PBXNativeTarget "WeatherAppUITests" */ = {
			isa = XCConfigurationList;
			buildConfigurations = (
				1FFB8B15227344BA005FCEF3 /* Debug */,
				1FFB8B16227344BA005FCEF3 /* Release */,
			);
			defaultConfigurationIsVisible = 0;
			defaultConfigurationName = Release;
		};
/* End XCConfigurationList section */
	};
	rootObject = 1FFB8ADE227344B9005FCEF3 /* Project object */;
}
